// !$*UTF8*$!
{
	archiveVersion = 1;
	classes = {
	};
	objectVersion = 46;
	objects = {

/* Begin PBXBuildFile section */
		C1EFB2B11CBC6C9C00A710DB /* main.m in Sources */ = {isa = PBXBuildFile; fileRef = C1EFB2B01CBC6C9C00A710DB /* main.m */; };
		C1EFB2B41CBC6C9C00A710DB /* AppDelegate.m in Sources */ = {isa = PBXBuildFile; fileRef = C1EFB2B31CBC6C9C00A710DB /* AppDelegate.m */; };
		C1EFB2B71CBC6C9C00A710DB /* ViewController.m in Sources */ = {isa = PBXBuildFile; fileRef = C1EFB2B61CBC6C9C00A710DB /* ViewController.m */; };
		C1EFB2BA1CBC6C9C00A710DB /* Main.storyboard in Resources */ = {isa = PBXBuildFile; fileRef = C1EFB2B81CBC6C9C00A710DB /* Main.storyboard */; };
		C1EFB2BC1CBC6C9C00A710DB /* Assets.xcassets in Resources */ = {isa = PBXBuildFile; fileRef = C1EFB2BB1CBC6C9C00A710DB /* Assets.xcassets */; };
		C1EFB2BF1CBC6C9C00A710DB /* LaunchScreen.storyboard in Resources */ = {isa = PBXBuildFile; fileRef = C1EFB2BD1CBC6C9C00A710DB /* LaunchScreen.storyboard */; };
		C1EFB2C81CBC6D6E00A710DB /* libBoomVideoVAST_SDKLibrary.a in Frameworks */ = {isa = PBXBuildFile; fileRef = C1EFB2C71CBC6D6E00A710DB /* libBoomVideoVAST_SDKLibrary.a */; };
		C1EFB2D41CBC6D8800A710DB /* BoomResources.bundle in Resources */ = {isa = PBXBuildFile; fileRef = C1EFB2D31CBC6D8800A710DB /* BoomResources.bundle */; };
		C1EFB2DD1CBC6F4200A710DB /* FacebookSDKStrings.bundle in Resources */ = {isa = PBXBuildFile; fileRef = C1EFB2D81CBC6F4200A710DB /* FacebookSDKStrings.bundle */; };
		C1EFB2DE1CBC6F4200A710DB /* FBAudienceNetwork.framework in Frameworks */ = {isa = PBXBuildFile; fileRef = C1EFB2D91CBC6F4200A710DB /* FBAudienceNetwork.framework */; };
		C1EFB2DF1CBC6F4200A710DB /* FBSDKCoreKit.framework in Frameworks */ = {isa = PBXBuildFile; fileRef = C1EFB2DA1CBC6F4200A710DB /* FBSDKCoreKit.framework */; };
		C1EFB2E01CBC6F4200A710DB /* FBSDKLoginKit.framework in Frameworks */ = {isa = PBXBuildFile; fileRef = C1EFB2DB1CBC6F4200A710DB /* FBSDKLoginKit.framework */; };
		C1EFB2E11CBC6F4200A710DB /* FBSDKShareKit.framework in Frameworks */ = {isa = PBXBuildFile; fileRef = C1EFB2DC1CBC6F4200A710DB /* FBSDKShareKit.framework */; };
		C1EFB2E31CBC703E00A710DB /* libxml2.tbd in Frameworks */ = {isa = PBXBuildFile; fileRef = C1EFB2E21CBC703E00A710DB /* libxml2.tbd */; };
		C1EFB2E71CBC708700A710DB /* GooglePlus.bundle in Resources */ = {isa = PBXBuildFile; fileRef = C1EFB2E51CBC708700A710DB /* GooglePlus.bundle */; };
		C1EFB2EB1CBC70A300A710DB /* GoogleOpenSource.framework in Frameworks */ = {isa = PBXBuildFile; fileRef = C1EFB2E91CBC708F00A710DB /* GoogleOpenSource.framework */; };
		C1EFB2EC1CBC70AC00A710DB /* GooglePlus.framework in Frameworks */ = {isa = PBXBuildFile; fileRef = C1EFB2E61CBC708700A710DB /* GooglePlus.framework */; };
		C1EFB2EE1CBC70E600A710DB /* AssetsLibrary.framework in Frameworks */ = {isa = PBXBuildFile; fileRef = C1EFB2ED1CBC70E600A710DB /* AssetsLibrary.framework */; };
/* End PBXBuildFile section */

/* Begin PBXFileReference section */
		C1EFB2AC1CBC6C9C00A710DB /* sdk_sample.app */ = {isa = PBXFileReference; explicitFileType = wrapper.application; includeInIndex = 0; path = sdk_sample.app; sourceTree = BUILT_PRODUCTS_DIR; };
		C1EFB2B01CBC6C9C00A710DB /* main.m */ = {isa = PBXFileReference; lastKnownFileType = sourcecode.c.objc; path = main.m; sourceTree = "<group>"; };
		C1EFB2B21CBC6C9C00A710DB /* AppDelegate.h */ = {isa = PBXFileReference; lastKnownFileType = sourcecode.c.h; path = AppDelegate.h; sourceTree = "<group>"; };
		C1EFB2B31CBC6C9C00A710DB /* AppDelegate.m */ = {isa = PBXFileReference; lastKnownFileType = sourcecode.c.objc; path = AppDelegate.m; sourceTree = "<group>"; };
		C1EFB2B51CBC6C9C00A710DB /* ViewController.h */ = {isa = PBXFileReference; lastKnownFileType = sourcecode.c.h; path = ViewController.h; sourceTree = "<group>"; };
		C1EFB2B61CBC6C9C00A710DB /* ViewController.m */ = {isa = PBXFileReference; lastKnownFileType = sourcecode.c.objc; path = ViewController.m; sourceTree = "<group>"; };
		C1EFB2B91CBC6C9C00A710DB /* Base */ = {isa = PBXFileReference; lastKnownFileType = file.storyboard; name = Base; path = Base.lproj/Main.storyboard; sourceTree = "<group>"; };
		C1EFB2BB1CBC6C9C00A710DB /* Assets.xcassets */ = {isa = PBXFileReference; lastKnownFileType = folder.assetcatalog; path = Assets.xcassets; sourceTree = "<group>"; };
		C1EFB2BE1CBC6C9C00A710DB /* Base */ = {isa = PBXFileReference; lastKnownFileType = file.storyboard; name = Base; path = Base.lproj/LaunchScreen.storyboard; sourceTree = "<group>"; };
		C1EFB2C01CBC6C9C00A710DB /* Info.plist */ = {isa = PBXFileReference; lastKnownFileType = text.plist.xml; path = Info.plist; sourceTree = "<group>"; };
		C1EFB2C71CBC6D6E00A710DB /* libBoomVideoVAST_SDKLibrary.a */ = {isa = PBXFileReference; lastKnownFileType = archive.ar; path = libBoomVideoVAST_SDKLibrary.a; sourceTree = "<group>"; };
		C1EFB2CA1CBC6D7B00A710DB /* BMNativeAdData.h */ = {isa = PBXFileReference; fileEncoding = 4; lastKnownFileType = sourcecode.c.h; path = BMNativeAdData.h; sourceTree = "<group>"; };
		C1EFB2CB1CBC6D7B00A710DB /* BMNativeAdProperties.h */ = {isa = PBXFileReference; fileEncoding = 4; lastKnownFileType = sourcecode.c.h; path = BMNativeAdProperties.h; sourceTree = "<group>"; };
		C1EFB2CC1CBC6D7B00A710DB /* BMNativeAdView.h */ = {isa = PBXFileReference; fileEncoding = 4; lastKnownFileType = sourcecode.c.h; path = BMNativeAdView.h; sourceTree = "<group>"; };
		C1EFB2CD1CBC6D7B00A710DB /* BMResourceManager.h */ = {isa = PBXFileReference; fileEncoding = 4; lastKnownFileType = sourcecode.c.h; path = BMResourceManager.h; sourceTree = "<group>"; };
		C1EFB2CE1CBC6D7B00A710DB /* BoomVideoTrackerDelegate.h */ = {isa = PBXFileReference; fileEncoding = 4; lastKnownFileType = sourcecode.c.h; path = BoomVideoTrackerDelegate.h; sourceTree = "<group>"; };
		C1EFB2D01CBC6D7B00A710DB /* AdNetworksManager.h */ = {isa = PBXFileReference; fileEncoding = 4; lastKnownFileType = sourcecode.c.h; path = AdNetworksManager.h; sourceTree = "<group>"; };
		C1EFB2D11CBC6D7B00A710DB /* BoomMediationAdDelegate.h */ = {isa = PBXFileReference; fileEncoding = 4; lastKnownFileType = sourcecode.c.h; path = BoomMediationAdDelegate.h; sourceTree = "<group>"; };
		C1EFB2D21CBC6D7B00A710DB /* MediationConstants.h */ = {isa = PBXFileReference; fileEncoding = 4; lastKnownFileType = sourcecode.c.h; path = MediationConstants.h; sourceTree = "<group>"; };
		C1EFB2D31CBC6D8800A710DB /* BoomResources.bundle */ = {isa = PBXFileReference; lastKnownFileType = "wrapper.plug-in"; path = BoomResources.bundle; sourceTree = "<group>"; };
		C1EFB2D81CBC6F4200A710DB /* FacebookSDKStrings.bundle */ = {isa = PBXFileReference; lastKnownFileType = "wrapper.plug-in"; path = FacebookSDKStrings.bundle; sourceTree = "<group>"; };
		C1EFB2D91CBC6F4200A710DB /* FBAudienceNetwork.framework */ = {isa = PBXFileReference; lastKnownFileType = wrapper.framework; path = FBAudienceNetwork.framework; sourceTree = "<group>"; };
		C1EFB2DA1CBC6F4200A710DB /* FBSDKCoreKit.framework */ = {isa = PBXFileReference; lastKnownFileType = wrapper.framework; path = FBSDKCoreKit.framework; sourceTree = "<group>"; };
		C1EFB2DB1CBC6F4200A710DB /* FBSDKLoginKit.framework */ = {isa = PBXFileReference; lastKnownFileType = wrapper.framework; path = FBSDKLoginKit.framework; sourceTree = "<group>"; };
		C1EFB2DC1CBC6F4200A710DB /* FBSDKShareKit.framework */ = {isa = PBXFileReference; lastKnownFileType = wrapper.framework; path = FBSDKShareKit.framework; sourceTree = "<group>"; };
		C1EFB2E21CBC703E00A710DB /* libxml2.tbd */ = {isa = PBXFileReference; lastKnownFileType = "sourcecode.text-based-dylib-definition"; name = libxml2.tbd; path = usr/lib/libxml2.tbd; sourceTree = SDKROOT; };
		C1EFB2E51CBC708700A710DB /* GooglePlus.bundle */ = {isa = PBXFileReference; lastKnownFileType = "wrapper.plug-in"; path = GooglePlus.bundle; sourceTree = "<group>"; };
		C1EFB2E61CBC708700A710DB /* GooglePlus.framework */ = {isa = PBXFileReference; lastKnownFileType = wrapper.framework; path = GooglePlus.framework; sourceTree = "<group>"; };
		C1EFB2E91CBC708F00A710DB /* GoogleOpenSource.framework */ = {isa = PBXFileReference; lastKnownFileType = wrapper.framework; path = GoogleOpenSource.framework; sourceTree = "<group>"; };
		C1EFB2ED1CBC70E600A710DB /* AssetsLibrary.framework */ = {isa = PBXFileReference; lastKnownFileType = wrapper.framework; name = AssetsLibrary.framework; path = System/Library/Frameworks/AssetsLibrary.framework; sourceTree = SDKROOT; };
/* End PBXFileReference section */

/* Begin PBXFrameworksBuildPhase section */
		C1EFB2A91CBC6C9C00A710DB /* Frameworks */ = {
			isa = PBXFrameworksBuildPhase;
			buildActionMask = 2147483647;
			files = (
				C1EFB2EE1CBC70E600A710DB /* AssetsLibrary.framework in Frameworks */,
				C1EFB2E31CBC703E00A710DB /* libxml2.tbd in Frameworks */,
				C1EFB2EC1CBC70AC00A710DB /* GooglePlus.framework in Frameworks */,
				C1EFB2C81CBC6D6E00A710DB /* libBoomVideoVAST_SDKLibrary.a in Frameworks */,
				C1EFB2DF1CBC6F4200A710DB /* FBSDKCoreKit.framework in Frameworks */,
				C1EFB2E11CBC6F4200A710DB /* FBSDKShareKit.framework in Frameworks */,
				C1EFB2E01CBC6F4200A710DB /* FBSDKLoginKit.framework in Frameworks */,
				C1EFB2EB1CBC70A300A710DB /* GoogleOpenSource.framework in Frameworks */,
				C1EFB2DE1CBC6F4200A710DB /* FBAudienceNetwork.framework in Frameworks */,
			);
			runOnlyForDeploymentPostprocessing = 0;
		};
/* End PBXFrameworksBuildPhase section */

/* Begin PBXGroup section */
		C1EFB2A31CBC6C9B00A710DB = {
			isa = PBXGroup;
			children = (
				C1EFB2ED1CBC70E600A710DB /* AssetsLibrary.framework */,
				C1EFB2E21CBC703E00A710DB /* libxml2.tbd */,
				C1EFB2AE1CBC6C9C00A710DB /* sdk_sample */,
				C1EFB2AD1CBC6C9C00A710DB /* Products */,
			);
			sourceTree = "<group>";
		};
		C1EFB2AD1CBC6C9C00A710DB /* Products */ = {
			isa = PBXGroup;
			children = (
				C1EFB2AC1CBC6C9C00A710DB /* sdk_sample.app */,
			);
			name = Products;
			sourceTree = "<group>";
		};
		C1EFB2AE1CBC6C9C00A710DB /* sdk_sample */ = {
			isa = PBXGroup;
			children = (
				C1EFB2C61CBC6D5C00A710DB /* Frameworks */,
				C1EFB2B21CBC6C9C00A710DB /* AppDelegate.h */,
				C1EFB2C91CBC6D7B00A710DB /* Headers */,
				C1EFB2B31CBC6C9C00A710DB /* AppDelegate.m */,
				C1EFB2B51CBC6C9C00A710DB /* ViewController.h */,
				C1EFB2B61CBC6C9C00A710DB /* ViewController.m */,
				C1EFB2B81CBC6C9C00A710DB /* Main.storyboard */,
				C1EFB2BB1CBC6C9C00A710DB /* Assets.xcassets */,
				C1EFB2BD1CBC6C9C00A710DB /* LaunchScreen.storyboard */,
				C1EFB2C01CBC6C9C00A710DB /* Info.plist */,
				C1EFB2AF1CBC6C9C00A710DB /* Supporting Files */,
			);
			path = sdk_sample;
			sourceTree = "<group>";
		};
		C1EFB2AF1CBC6C9C00A710DB /* Supporting Files */ = {
			isa = PBXGroup;
			children = (
				C1EFB2B01CBC6C9C00A710DB /* main.m */,
			);
			name = "Supporting Files";
			sourceTree = "<group>";
		};
		C1EFB2C61CBC6D5C00A710DB /* Frameworks */ = {
			isa = PBXGroup;
			children = (
				C1EFB2EF1CBC74AB00A710DB /* AdSDKS */,
				C1EFB2E41CBC707C00A710DB /* Google */,
				C1EFB2D71CBC6F2100A710DB /* Facebook */,
				C1EFB2D31CBC6D8800A710DB /* BoomResources.bundle */,
				C1EFB2C71CBC6D6E00A710DB /* libBoomVideoVAST_SDKLibrary.a */,
			);
			name = Frameworks;
			sourceTree = "<group>";
		};
		C1EFB2C91CBC6D7B00A710DB /* Headers */ = {
			isa = PBXGroup;
			children = (
				C1EFB2CA1CBC6D7B00A710DB /* BMNativeAdData.h */,
				C1EFB2CB1CBC6D7B00A710DB /* BMNativeAdProperties.h */,
				C1EFB2CC1CBC6D7B00A710DB /* BMNativeAdView.h */,
				C1EFB2CD1CBC6D7B00A710DB /* BMResourceManager.h */,
				C1EFB2CE1CBC6D7B00A710DB /* BoomVideoTrackerDelegate.h */,
				C1EFB2CF1CBC6D7B00A710DB /* Mediation */,
			);
			path = Headers;
			sourceTree = "<group>";
		};
		C1EFB2CF1CBC6D7B00A710DB /* Mediation */ = {
			isa = PBXGroup;
			children = (
				C1EFB2D01CBC6D7B00A710DB /* AdNetworksManager.h */,
				C1EFB2D11CBC6D7B00A710DB /* BoomMediationAdDelegate.h */,
				C1EFB2D21CBC6D7B00A710DB /* MediationConstants.h */,
			);
			path = Mediation;
			sourceTree = "<group>";
		};
		C1EFB2D71CBC6F2100A710DB /* Facebook */ = {
			isa = PBXGroup;
			children = (
				C1EFB2D81CBC6F4200A710DB /* FacebookSDKStrings.bundle */,
				C1EFB2D91CBC6F4200A710DB /* FBAudienceNetwork.framework */,
				C1EFB2DA1CBC6F4200A710DB /* FBSDKCoreKit.framework */,
				C1EFB2DB1CBC6F4200A710DB /* FBSDKLoginKit.framework */,
				C1EFB2DC1CBC6F4200A710DB /* FBSDKShareKit.framework */,
			);
			name = Facebook;
			sourceTree = "<group>";
		};
		C1EFB2E41CBC707C00A710DB /* Google */ = {
			isa = PBXGroup;
			children = (
				C1EFB2E91CBC708F00A710DB /* GoogleOpenSource.framework */,
				C1EFB2E51CBC708700A710DB /* GooglePlus.bundle */,
				C1EFB2E61CBC708700A710DB /* GooglePlus.framework */,
			);
			name = Google;
			sourceTree = "<group>";
		};
		C1EFB2EF1CBC74AB00A710DB /* AdSDKS */ = {
			isa = PBXGroup;
			children = (
			);
			name = AdSDKS;
			sourceTree = "<group>";
		};
/* End PBXGroup section */

/* Begin PBXNativeTarget section */
		C1EFB2AB1CBC6C9C00A710DB /* sdk_sample */ = {
			isa = PBXNativeTarget;
			buildConfigurationList = C1EFB2C31CBC6C9C00A710DB /* Build configuration list for PBXNativeTarget "sdk_sample" */;
			buildPhases = (
				C1EFB2A81CBC6C9C00A710DB /* Sources */,
				C1EFB2A91CBC6C9C00A710DB /* Frameworks */,
				C1EFB2AA1CBC6C9C00A710DB /* Resources */,
			);
			buildRules = (
			);
			dependencies = (
			);
			name = sdk_sample;
			productName = sdk_sample;
			productReference = C1EFB2AC1CBC6C9C00A710DB /* sdk_sample.app */;
			productType = "com.apple.product-type.application";
		};
/* End PBXNativeTarget section */

/* Begin PBXProject section */
		C1EFB2A41CBC6C9B00A710DB /* Project object */ = {
			isa = PBXProject;
			attributes = {
				LastUpgradeCheck = 0720;
				ORGANIZATIONNAME = "Algene Pulido";
				TargetAttributes = {
					C1EFB2AB1CBC6C9C00A710DB = {
						CreatedOnToolsVersion = 7.2;
					};
				};
			};
			buildConfigurationList = C1EFB2A71CBC6C9B00A710DB /* Build configuration list for PBXProject "sdk_sample" */;
			compatibilityVersion = "Xcode 3.2";
			developmentRegion = English;
			hasScannedForEncodings = 0;
			knownRegions = (
				en,
				Base,
			);
			mainGroup = C1EFB2A31CBC6C9B00A710DB;
			productRefGroup = C1EFB2AD1CBC6C9C00A710DB /* Products */;
			projectDirPath = "";
			projectRoot = "";
			targets = (
				C1EFB2AB1CBC6C9C00A710DB /* sdk_sample */,
			);
		};
/* End PBXProject section */

/* Begin PBXResourcesBuildPhase section */
		C1EFB2AA1CBC6C9C00A710DB /* Resources */ = {
			isa = PBXResourcesBuildPhase;
			buildActionMask = 2147483647;
			files = (
				C1EFB2D41CBC6D8800A710DB /* BoomResources.bundle in Resources */,
				C1EFB2DD1CBC6F4200A710DB /* FacebookSDKStrings.bundle in Resources */,
				C1EFB2BF1CBC6C9C00A710DB /* LaunchScreen.storyboard in Resources */,
				C1EFB2BC1CBC6C9C00A710DB /* Assets.xcassets in Resources */,
				C1EFB2E71CBC708700A710DB /* GooglePlus.bundle in Resources */,
				C1EFB2BA1CBC6C9C00A710DB /* Main.storyboard in Resources */,
			);
			runOnlyForDeploymentPostprocessing = 0;
		};
/* End PBXResourcesBuildPhase section */

/* Begin PBXSourcesBuildPhase section */
		C1EFB2A81CBC6C9C00A710DB /* Sources */ = {
			isa = PBXSourcesBuildPhase;
			buildActionMask = 2147483647;
			files = (
				C1EFB2B71CBC6C9C00A710DB /* ViewController.m in Sources */,
				C1EFB2B41CBC6C9C00A710DB /* AppDelegate.m in Sources */,
				C1EFB2B11CBC6C9C00A710DB /* main.m in Sources */,
			);
			runOnlyForDeploymentPostprocessing = 0;
		};
/* End PBXSourcesBuildPhase section */

/* Begin PBXVariantGroup section */
		C1EFB2B81CBC6C9C00A710DB /* Main.storyboard */ = {
			isa = PBXVariantGroup;
			children = (
				C1EFB2B91CBC6C9C00A710DB /* Base */,
			);
			name = Main.storyboard;
			sourceTree = "<group>";
		};
		C1EFB2BD1CBC6C9C00A710DB /* LaunchScreen.storyboard */ = {
			isa = PBXVariantGroup;
			children = (
				C1EFB2BE1CBC6C9C00A710DB /* Base */,
			);
			name = LaunchScreen.storyboard;
			sourceTree = "<group>";
		};
/* End PBXVariantGroup section */

/* Begin XCBuildConfiguration section */
		C1EFB2C11CBC6C9C00A710DB /* Debug */ = {
			isa = XCBuildConfiguration;
			buildSettings = {
				ALWAYS_SEARCH_USER_PATHS = NO;
				CLANG_CXX_LANGUAGE_STANDARD = "gnu++0x";
				CLANG_CXX_LIBRARY = "libc++";
				CLANG_ENABLE_MODULES = YES;
				CLANG_ENABLE_OBJC_ARC = YES;
				CLANG_WARN_BOOL_CONVERSION = YES;
				CLANG_WARN_CONSTANT_CONVERSION = YES;
				CLANG_WARN_DIRECT_OBJC_ISA_USAGE = YES_ERROR;
				CLANG_WARN_EMPTY_BODY = YES;
				CLANG_WARN_ENUM_CONVERSION = YES;
				CLANG_WARN_INT_CONVERSION = YES;
				CLANG_WARN_OBJC_ROOT_CLASS = YES_ERROR;
				CLANG_WARN_UNREACHABLE_CODE = YES;
				CLANG_WARN__DUPLICATE_METHOD_MATCH = YES;
				"CODE_SIGN_IDENTITY[sdk=iphoneos*]" = "iPhone Developer";
				COPY_PHASE_STRIP = NO;
				DEBUG_INFORMATION_FORMAT = dwarf;
				ENABLE_STRICT_OBJC_MSGSEND = YES;
				ENABLE_TESTABILITY = YES;
				GCC_C_LANGUAGE_STANDARD = gnu99;
				GCC_DYNAMIC_NO_PIC = NO;
				GCC_NO_COMMON_BLOCKS = YES;
				GCC_OPTIMIZATION_LEVEL = 0;
				GCC_PREPROCESSOR_DEFINITIONS = (
					"DEBUG=1",
					"$(inherited)",
				);
				GCC_WARN_64_TO_32_BIT_CONVERSION = YES;
				GCC_WARN_ABOUT_RETURN_TYPE = YES_ERROR;
				GCC_WARN_UNDECLARED_SELECTOR = YES;
				GCC_WARN_UNINITIALIZED_AUTOS = YES_AGGRESSIVE;
				GCC_WARN_UNUSED_FUNCTION = YES;
				GCC_WARN_UNUSED_VARIABLE = YES;
				IPHONEOS_DEPLOYMENT_TARGET = 9.2;
				MTL_ENABLE_DEBUG_INFO = YES;
				ONLY_ACTIVE_ARCH = YES;
				SDKROOT = iphoneos;
				TARGETED_DEVICE_FAMILY = "1,2";
			};
			name = Debug;
		};
		C1EFB2C21CBC6C9C00A710DB /* Release */ = {
			isa = XCBuildConfiguration;
			buildSettings = {
				ALWAYS_SEARCH_USER_PATHS = NO;
				CLANG_CXX_LANGUAGE_STANDARD = "gnu++0x";
				CLANG_CXX_LIBRARY = "libc++";
				CLANG_ENABLE_MODULES = YES;
				CLANG_ENABLE_OBJC_ARC = YES;
				CLANG_WARN_BOOL_CONVERSION = YES;
				CLANG_WARN_CONSTANT_CONVERSION = YES;
				CLANG_WARN_DIRECT_OBJC_ISA_USAGE = YES_ERROR;
				CLANG_WARN_EMPTY_BODY = YES;
				CLANG_WARN_ENUM_CONVERSION = YES;
				CLANG_WARN_INT_CONVERSION = YES;
				CLANG_WARN_OBJC_ROOT_CLASS = YES_ERROR;
				CLANG_WARN_UNREACHABLE_CODE = YES;
				CLANG_WARN__DUPLICATE_METHOD_MATCH = YES;
				"CODE_SIGN_IDENTITY[sdk=iphoneos*]" = "iPhone Developer";
				COPY_PHASE_STRIP = NO;
				DEBUG_INFORMATION_FORMAT = "dwarf-with-dsym";
				ENABLE_NS_ASSERTIONS = NO;
				ENABLE_STRICT_OBJC_MSGSEND = YES;
				GCC_C_LANGUAGE_STANDARD = gnu99;
				GCC_NO_COMMON_BLOCKS = YES;
				GCC_WARN_64_TO_32_BIT_CONVERSION = YES;
				GCC_WARN_ABOUT_RETURN_TYPE = YES_ERROR;
				GCC_WARN_UNDECLARED_SELECTOR = YES;
				GCC_WARN_UNINITIALIZED_AUTOS = YES_AGGRESSIVE;
				GCC_WARN_UNUSED_FUNCTION = YES;
				GCC_WARN_UNUSED_VARIABLE = YES;
				IPHONEOS_DEPLOYMENT_TARGET = 9.2;
				MTL_ENABLE_DEBUG_INFO = NO;
				SDKROOT = iphoneos;
				TARGETED_DEVICE_FAMILY = "1,2";
				VALIDATE_PRODUCT = YES;
			};
			name = Release;
		};
		C1EFB2C41CBC6C9C00A710DB /* Debug */ = {
			isa = XCBuildConfiguration;
			buildSettings = {
				ASSETCATALOG_COMPILER_APPICON_NAME = AppIcon;
				ENABLE_BITCODE = NO;
				FRAMEWORK_SEARCH_PATHS = (
					"$(inherited)",
					"$(PROJECT_DIR)/sdk_sample",
				);
				INFOPLIST_FILE = sdk_sample/Info.plist;
				LD_RUNPATH_SEARCH_PATHS = "$(inherited) @executable_path/Frameworks";
				LIBRARY_SEARCH_PATHS = (
					"$(inherited)",
					"$(PROJECT_DIR)/sdk_sample",
				);
				OTHER_LDFLAGS = "-ObjC";
				PRODUCT_BUNDLE_IDENTIFIER = "com.boom.sdk-sample";
				PRODUCT_NAME = "$(TARGET_NAME)";
			};
			name = Debug;
		};
		C1EFB2C51CBC6C9C00A710DB /* Release */ = {
			isa = XCBuildConfiguration;
			buildSettings = {
				ASSETCATALOG_COMPILER_APPICON_NAME = AppIcon;
				ENABLE_BITCODE = NO;
				FRAMEWORK_SEARCH_PATHS = (
					"$(inherited)",
					"$(PROJECT_DIR)/sdk_sample",
				);
				INFOPLIST_FILE = sdk_sample/Info.plist;
				LD_RUNPATH_SEARCH_PATHS = "$(inherited) @executable_path/Frameworks";
				LIBRARY_SEARCH_PATHS = (
					"$(inherited)",
					"$(PROJECT_DIR)/sdk_sample",
				);
				OTHER_LDFLAGS = "-ObjC";
				PRODUCT_BUNDLE_IDENTIFIER = "com.boom.sdk-sample";
				PRODUCT_NAME = "$(TARGET_NAME)";
			};
			name = Release;
		};
/* End XCBuildConfiguration section */

/* Begin XCConfigurationList section */
		C1EFB2A71CBC6C9B00A710DB /* Build configuration list for PBXProject "sdk_sample" */ = {
			isa = XCConfigurationList;
			buildConfigurations = (
				C1EFB2C11CBC6C9C00A710DB /* Debug */,
				C1EFB2C21CBC6C9C00A710DB /* Release */,
			);
			defaultConfigurationIsVisible = 0;
			defaultConfigurationName = Release;
		};
		C1EFB2C31CBC6C9C00A710DB /* Build configuration list for PBXNativeTarget "sdk_sample" */ = {
			isa = XCConfigurationList;
			buildConfigurations = (
				C1EFB2C41CBC6C9C00A710DB /* Debug */,
				C1EFB2C51CBC6C9C00A710DB /* Release */,
			);
			defaultConfigurationIsVisible = 0;
		};
/* End XCConfigurationList section */
	};
	rootObject = C1EFB2A41CBC6C9B00A710DB /* Project object */;
}
